{
  "requires": true,
  "lockfileVersion": 1,
  "dependencies": {
    "firstnativemodule": {
      "version": "1.0.0",
      "resolved": "https://registry.npmjs.org/firstnativemodule/-/firstnativemodule-1.0.0.tgz",
      "integrity": "sha512-5Bt147XeucWxr8+LLXJEEbRerbF9Z9mTvIOvc8D74ddliRQc6GXjLNgjTzGW9AAKfOtaJP9D6OTY8r6Jxpi1Ng=="
    },
    "geekori_jc": {
      "version": "1.0.1",
      "resolved": "http://registry.npm.taobao.org/geekori_jc/download/geekori_jc-1.0.1.tgz",
      "integrity": "sha1-Wrz/x3fg1t2nOk0Rv3MJD6t5wts="
    }
  }
}
